
Microsoft Visual Studio Solution File, Format Version 12.00
# Visual Studio Version 17
VisualStudioVersion = 17.0.31903.59
MinimumVisualStudioVersion = 10.0.40219.1
Project("{FAE04EC0-301F-11D3-BF4B-00C04F79EFBC}") = "MediRaksha.API", "MediRaksha.API\MediRaksha.API.csproj", "{8C8DF1F8-46A9-42F1-B354-078DF43147B0}"
EndProject
Project("{FAE04EC0-301F-11D3-BF4B-00C04F79EFBC}") = "MediRaksha.Application", "MediRaksha.Application\MediRaksha.Application.csproj", "{02DA551B-A44F-48B8-8C6C-C07E3B77F191}"
EndProject
Project("{FAE04EC0-301F-11D3-BF4B-00C04F79EFBC}") = "MediRaksha.Domain", "MediRaksha.Domain\MediRaksha.Domain.csproj", "{08CDE64D-56D8-410F-BF90-FE165E1BE862}"
EndProject
Project("{FAE04EC0-301F-11D3-BF4B-00C04F79EFBC}") = "MediRaksha.Infrastructure", "MediRaksha.Infrastructure\MediRaksha.Infrastructure.csproj", "{E3277C40-1FDE-4D5C-8C3A-BCA6CF40F171}"
EndProject
Project("{FAE04EC0-301F-11D3-BF4B-00C04F79EFBC}") = "MediRaksha.Shared", "MediRaksha.Shared\MediRaksha.Shared.csproj", "{CE7205E4-6037-4E94-846F-E85E2368329D}"
EndProject
Global
	GlobalSection(SolutionConfigurationPlatforms) = preSolution
		Debug|Any CPU = Debug|Any CPU
		Debug|x64 = Debug|x64
		Debug|x86 = Debug|x86
		Release|Any CPU = Release|Any CPU
		Release|x64 = Release|x64
		Release|x86 = Release|x86
	EndGlobalSection
	GlobalSection(ProjectConfigurationPlatforms) = postSolution
		{8C8DF1F8-46A9-42F1-B354-078DF43147B0}.Debug|Any CPU.ActiveCfg = Debug|Any CPU
		{8C8DF1F8-46A9-42F1-B354-078DF43147B0}.Debug|Any CPU.Build.0 = Debug|Any CPU
		{8C8DF1F8-46A9-42F1-B354-078DF43147B0}.Debug|x64.ActiveCfg = Debug|Any CPU
		{8C8DF1F8-46A9-42F1-B354-078DF43147B0}.Debug|x64.Build.0 = Debug|Any CPU
		{8C8DF1F8-46A9-42F1-B354-078DF43147B0}.Debug|x86.ActiveCfg = Debug|Any CPU
		{8C8DF1F8-46A9-42F1-B354-078DF43147B0}.Debug|x86.Build.0 = Debug|Any CPU
		{8C8DF1F8-46A9-42F1-B354-078DF43147B0}.Release|Any CPU.ActiveCfg = Release|Any CPU
		{8C8DF1F8-46A9-42F1-B354-078DF43147B0}.Release|Any CPU.Build.0 = Release|Any CPU
		{8C8DF1F8-46A9-42F1-B354-078DF43147B0}.Release|x64.ActiveCfg = Release|Any CPU
		{8C8DF1F8-46A9-42F1-B354-078DF43147B0}.Release|x64.Build.0 = Release|Any CPU
		{8C8DF1F8-46A9-42F1-B354-078DF43147B0}.Release|x86.ActiveCfg = Release|Any CPU
		{8C8DF1F8-46A9-42F1-B354-078DF43147B0}.Release|x86.Build.0 = Release|Any CPU
		{02DA551B-A44F-48B8-8C6C-C07E3B77F191}.Debug|Any CPU.ActiveCfg = Debug|Any CPU
		{02DA551B-A44F-48B8-8C6C-C07E3B77F191}.Debug|Any CPU.Build.0 = Debug|Any CPU
		{02DA551B-A44F-48B8-8C6C-C07E3B77F191}.Debug|x64.ActiveCfg = Debug|Any CPU
		{02DA551B-A44F-48B8-8C6C-C07E3B77F191}.Debug|x64.Build.0 = Debug|Any CPU
		{02DA551B-A44F-48B8-8C6C-C07E3B77F191}.Debug|x86.ActiveCfg = Debug|Any CPU
		{02DA551B-A44F-48B8-8C6C-C07E3B77F191}.Debug|x86.Build.0 = Debug|Any CPU
		{02DA551B-A44F-48B8-8C6C-C07E3B77F191}.Release|Any CPU.ActiveCfg = Release|Any CPU
		{02DA551B-A44F-48B8-8C6C-C07E3B77F191}.Release|Any CPU.Build.0 = Release|Any CPU
		{02DA551B-A44F-48B8-8C6C-C07E3B77F191}.Release|x64.ActiveCfg = Release|Any CPU
		{02DA551B-A44F-48B8-8C6C-C07E3B77F191}.Release|x64.Build.0 = Release|Any CPU
		{02DA551B-A44F-48B8-8C6C-C07E3B77F191}.Release|x86.ActiveCfg = Release|Any CPU
		{02DA551B-A44F-48B8-8C6C-C07E3B77F191}.Release|x86.Build.0 = Release|Any CPU
		{08CDE64D-56D8-410F-BF90-FE165E1BE862}.Debug|Any CPU.ActiveCfg = Debug|Any CPU
		{08CDE64D-56D8-410F-BF90-FE165E1BE862}.Debug|Any CPU.Build.0 = Debug|Any CPU
		{08CDE64D-56D8-410F-BF90-FE165E1BE862}.Debug|x64.ActiveCfg = Debug|Any CPU
		{08CDE64D-56D8-410F-BF90-FE165E1BE862}.Debug|x64.Build.0 = Debug|Any CPU
		{08CDE64D-56D8-410F-BF90-FE165E1BE862}.Debug|x86.ActiveCfg = Debug|Any CPU
		{08CDE64D-56D8-410F-BF90-FE165E1BE862}.Debug|x86.Build.0 = Debug|Any CPU
		{08CDE64D-56D8-410F-BF90-FE165E1BE862}.Release|Any CPU.ActiveCfg = Release|Any CPU
		{08CDE64D-56D8-410F-BF90-FE165E1BE862}.Release|Any CPU.Build.0 = Release|Any CPU
		{08CDE64D-56D8-410F-BF90-FE165E1BE862}.Release|x64.ActiveCfg = Release|Any CPU
		{08CDE64D-56D8-410F-BF90-FE165E1BE862}.Release|x64.Build.0 = Release|Any CPU
		{08CDE64D-56D8-410F-BF90-FE165E1BE862}.Release|x86.ActiveCfg = Release|Any CPU
		{08CDE64D-56D8-410F-BF90-FE165E1BE862}.Release|x86.Build.0 = Release|Any CPU
		{E3277C40-1FDE-4D5C-8C3A-BCA6CF40F171}.Debug|Any CPU.ActiveCfg = Debug|Any CPU
		{E3277C40-1FDE-4D5C-8C3A-BCA6CF40F171}.Debug|Any CPU.Build.0 = Debug|Any CPU
		{E3277C40-1FDE-4D5C-8C3A-BCA6CF40F171}.Debug|x64.ActiveCfg = Debug|Any CPU
		{E3277C40-1FDE-4D5C-8C3A-BCA6CF40F171}.Debug|x64.Build.0 = Debug|Any CPU
		{E3277C40-1FDE-4D5C-8C3A-BCA6CF40F171}.Debug|x86.ActiveCfg = Debug|Any CPU
		{E3277C40-1FDE-4D5C-8C3A-BCA6CF40F171}.Debug|x86.Build.0 = Debug|Any CPU
		{E3277C40-1FDE-4D5C-8C3A-BCA6CF40F171}.Release|Any CPU.ActiveCfg = Release|Any CPU
		{E3277C40-1FDE-4D5C-8C3A-BCA6CF40F171}.Release|Any CPU.Build.0 = Release|Any CPU
		{E3277C40-1FDE-4D5C-8C3A-BCA6CF40F171}.Release|x64.ActiveCfg = Release|Any CPU
		{E3277C40-1FDE-4D5C-8C3A-BCA6CF40F171}.Release|x64.Build.0 = Release|Any CPU
		{E3277C40-1FDE-4D5C-8C3A-BCA6CF40F171}.Release|x86.ActiveCfg = Release|Any CPU
		{E3277C40-1FDE-4D5C-8C3A-BCA6CF40F171}.Release|x86.Build.0 = Release|Any CPU
		{CE7205E4-6037-4E94-846F-E85E2368329D}.Debug|Any CPU.ActiveCfg = Debug|Any CPU
		{CE7205E4-6037-4E94-846F-E85E2368329D}.Debug|Any CPU.Build.0 = Debug|Any CPU
		{CE7205E4-6037-4E94-846F-E85E2368329D}.Debug|x64.ActiveCfg = Debug|Any CPU
		{CE7205E4-6037-4E94-846F-E85E2368329D}.Debug|x64.Build.0 = Debug|Any CPU
		{CE7205E4-6037-4E94-846F-E85E2368329D}.Debug|x86.ActiveCfg = Debug|Any CPU
		{CE7205E4-6037-4E94-846F-E85E2368329D}.Debug|x86.Build.0 = Debug|Any CPU
		{CE7205E4-6037-4E94-846F-E85E2368329D}.Release|Any CPU.ActiveCfg = Release|Any CPU
		{CE7205E4-6037-4E94-846F-E85E2368329D}.Release|Any CPU.Build.0 = Release|Any CPU
		{CE7205E4-6037-4E94-846F-E85E2368329D}.Release|x64.ActiveCfg = Release|Any CPU
		{CE7205E4-6037-4E94-846F-E85E2368329D}.Release|x64.Build.0 = Release|Any CPU
		{CE7205E4-6037-4E94-846F-E85E2368329D}.Release|x86.ActiveCfg = Release|Any CPU
		{CE7205E4-6037-4E94-846F-E85E2368329D}.Release|x86.Build.0 = Release|Any CPU
	EndGlobalSection
	GlobalSection(SolutionProperties) = preSolution
		HideSolutionNode = FALSE
	EndGlobalSection
EndGlobal
